// !$*UTF8*$!
{
	archiveVersion = 1;
	classes = {
	};
	objectVersion = 55;
	objects = {

/* Begin PBXBuildFile section */
		B5345E9428D501D000A567B2 /* CorePermissionsSwiftUI in Frameworks */ = {isa = PBXBuildFile; productRef = B5345E9328D501D000A567B2 /* CorePermissionsSwiftUI */; };
		B5345E9628D501D000A567B2 /* PermissionsSwiftUI in Frameworks */ = {isa = PBXBuildFile; productRef = B5345E9528D501D000A567B2 /* PermissionsSwiftUI */; };
		B5345E9828D501D000A567B2 /* PermissionsSwiftUICamera in Frameworks */ = {isa = PBXBuildFile; productRef = B5345E9728D501D000A567B2 /* PermissionsSwiftUICamera */; };
		B5345E9A28D501D000A567B2 /* PermissionsSwiftUILocation in Frameworks */ = {isa = PBXBuildFile; productRef = B5345E9928D501D000A567B2 /* PermissionsSwiftUILocation */; };
		B5345E9C28D501D000A567B2 /* PermissionsSwiftUILocationAlways in Frameworks */ = {isa = PBXBuildFile; productRef = B5345E9B28D501D000A567B2 /* PermissionsSwiftUILocationAlways */; };
		B5345E9E28D501D000A567B2 /* PermissionsSwiftUISiri in Frameworks */ = {isa = PBXBuildFile; productRef = B5345E9D28D501D000A567B2 /* PermissionsSwiftUISiri */; };
		B5345EA228F86A2B00A567B2 /* TripDashboardView.swift in Sources */ = {isa = PBXBuildFile; fileRef = B5345EA128F86A2B00A567B2 /* TripDashboardView.swift */; };
		B54D12B528FD6C4300E3A0A1 /* CoreGPX in Frameworks */ = {isa = PBXBuildFile; productRef = B54D12B428FD6C4300E3A0A1 /* CoreGPX */; };
		B54D12B92900004600E3A0A1 /* SettingsService.swift in Sources */ = {isa = PBXBuildFile; fileRef = B54D12B82900004600E3A0A1 /* SettingsService.swift */; };
		B5E3B79328D31F7D002176DB /* Gretel.swift in Sources */ = {isa = PBXBuildFile; fileRef = B5E3B79228D31F7D002176DB /* Gretel.swift */; };
		B5E3B79528D31F7D002176DB /* ContentView.swift in Sources */ = {isa = PBXBuildFile; fileRef = B5E3B79428D31F7D002176DB /* ContentView.swift */; };
		B5E3B79728D31F7E002176DB /* Assets.xcassets in Resources */ = {isa = PBXBuildFile; fileRef = B5E3B79628D31F7E002176DB /* Assets.xcassets */; };
		B5E3B79A28D31F7E002176DB /* Preview Assets.xcassets in Resources */ = {isa = PBXBuildFile; fileRef = B5E3B79928D31F7E002176DB /* Preview Assets.xcassets */; };
		B5E3B79C28D31F7E002176DB /* Persistence.swift in Sources */ = {isa = PBXBuildFile; fileRef = B5E3B79B28D31F7E002176DB /* Persistence.swift */; };
		B5E3B79F28D31F7E002176DB /* Gretel_SwiftUI.xcdatamodeld in Sources */ = {isa = PBXBuildFile; fileRef = B5E3B79D28D31F7E002176DB /* Gretel_SwiftUI.xcdatamodeld */; };
		B5E3B7A928D31F7E002176DB /* Gretel_SwiftUITests.swift in Sources */ = {isa = PBXBuildFile; fileRef = B5E3B7A828D31F7E002176DB /* Gretel_SwiftUITests.swift */; };
		B5E3B7B328D31F7E002176DB /* Gretel_SwiftUIUITests.swift in Sources */ = {isa = PBXBuildFile; fileRef = B5E3B7B228D31F7E002176DB /* Gretel_SwiftUIUITests.swift */; };
		B5E3B7B528D31F7E002176DB /* Gretel_SwiftUIUITestsLaunchTests.swift in Sources */ = {isa = PBXBuildFile; fileRef = B5E3B7B428D31F7E002176DB /* Gretel_SwiftUIUITestsLaunchTests.swift */; };
		B5FF62CF29000A750005E02E /* DashboardLabelView.swift in Sources */ = {isa = PBXBuildFile; fileRef = B5FF62CE29000A750005E02E /* DashboardLabelView.swift */; };
		B5FF62D329000AAC0005E02E /* RecordButtonView.swift in Sources */ = {isa = PBXBuildFile; fileRef = B5FF62D229000AAC0005E02E /* RecordButtonView.swift */; };
		B5FF62D629000BAF0005E02E /* PreviewFactory.swift in Sources */ = {isa = PBXBuildFile; fileRef = B5FF62D529000BAF0005E02E /* PreviewFactory.swift */; };
		B5FF62DA29003E680005E02E /* TrackHelper.swift in Sources */ = {isa = PBXBuildFile; fileRef = B5FF62D929003E680005E02E /* TrackHelper.swift */; };
		B5FF62DC290049850005E02E /* Track.swift in Sources */ = {isa = PBXBuildFile; fileRef = B5FF62DB290049850005E02E /* Track.swift */; };
		B5FF62DE290056CA0005E02E /* LocationPublisher.swift in Sources */ = {isa = PBXBuildFile; fileRef = B5FF62DD290056CA0005E02E /* LocationPublisher.swift */; };
		B5FF62E02901A9A10005E02E /* HeadingPublisher.swift in Sources */ = {isa = PBXBuildFile; fileRef = B5FF62DF2901A9A10005E02E /* HeadingPublisher.swift */; };
		B5FF62E22901AACC0005E02E /* LocationRecorderService.swift in Sources */ = {isa = PBXBuildFile; fileRef = B5FF62E12901AACC0005E02E /* LocationRecorderService.swift */; };
		B5FF62E42901ABC40005E02E /* Location.swift in Sources */ = {isa = PBXBuildFile; fileRef = B5FF62E32901ABC40005E02E /* Location.swift */; };
/* End PBXBuildFile section */

/* Begin PBXContainerItemProxy section */
		B5E3B7A528D31F7E002176DB /* PBXContainerItemProxy */ = {
			isa = PBXContainerItemProxy;
			containerPortal = B5E3B78728D31F7D002176DB /* Project object */;
			proxyType = 1;
			remoteGlobalIDString = B5E3B78E28D31F7D002176DB;
			remoteInfo = "Gretel SwiftUI";
		};
		B5E3B7AF28D31F7E002176DB /* PBXContainerItemProxy */ = {
			isa = PBXContainerItemProxy;
			containerPortal = B5E3B78728D31F7D002176DB /* Project object */;
			proxyType = 1;
			remoteGlobalIDString = B5E3B78E28D31F7D002176DB;
			remoteInfo = "Gretel SwiftUI";
		};
/* End PBXContainerItemProxy section */

/* Begin PBXFileReference section */
		B5345EA128F86A2B00A567B2 /* TripDashboardView.swift */ = {isa = PBXFileReference; lastKnownFileType = sourcecode.swift; path = TripDashboardView.swift; sourceTree = "<group>"; };
		B54D12B128F86D4200E3A0A1 /* Gretel-SwiftUI-Info.plist */ = {isa = PBXFileReference; lastKnownFileType = text.plist; path = "Gretel-SwiftUI-Info.plist"; sourceTree = SOURCE_ROOT; };
		B54D12B228F86D4E00E3A0A1 /* Gretel SwiftUI.entitlements */ = {isa = PBXFileReference; lastKnownFileType = text.plist.entitlements; path = "Gretel SwiftUI.entitlements"; sourceTree = "<group>"; };
		B54D12B82900004600E3A0A1 /* SettingsService.swift */ = {isa = PBXFileReference; lastKnownFileType = sourcecode.swift; path = SettingsService.swift; sourceTree = "<group>"; };
		B5E3B78F28D31F7D002176DB /* Gretel SwiftUI.app */ = {isa = PBXFileReference; explicitFileType = wrapper.application; includeInIndex = 0; path = "Gretel SwiftUI.app"; sourceTree = BUILT_PRODUCTS_DIR; };
		B5E3B79228D31F7D002176DB /* Gretel.swift */ = {isa = PBXFileReference; lastKnownFileType = sourcecode.swift; path = Gretel.swift; sourceTree = "<group>"; };
		B5E3B79428D31F7D002176DB /* ContentView.swift */ = {isa = PBXFileReference; lastKnownFileType = sourcecode.swift; path = ContentView.swift; sourceTree = "<group>"; };
		B5E3B79628D31F7E002176DB /* Assets.xcassets */ = {isa = PBXFileReference; lastKnownFileType = folder.assetcatalog; path = Assets.xcassets; sourceTree = "<group>"; };
		B5E3B79928D31F7E002176DB /* Preview Assets.xcassets */ = {isa = PBXFileReference; lastKnownFileType = folder.assetcatalog; path = "Preview Assets.xcassets"; sourceTree = "<group>"; };
		B5E3B79B28D31F7E002176DB /* Persistence.swift */ = {isa = PBXFileReference; lastKnownFileType = sourcecode.swift; path = Persistence.swift; sourceTree = "<group>"; };
		B5E3B79E28D31F7E002176DB /* Gretel_SwiftUI.xcdatamodel */ = {isa = PBXFileReference; lastKnownFileType = wrapper.xcdatamodel; path = Gretel_SwiftUI.xcdatamodel; sourceTree = "<group>"; };
		B5E3B7A428D31F7E002176DB /* Gretel SwiftUITests.xctest */ = {isa = PBXFileReference; explicitFileType = wrapper.cfbundle; includeInIndex = 0; path = "Gretel SwiftUITests.xctest"; sourceTree = BUILT_PRODUCTS_DIR; };
		B5E3B7A828D31F7E002176DB /* Gretel_SwiftUITests.swift */ = {isa = PBXFileReference; lastKnownFileType = sourcecode.swift; path = Gretel_SwiftUITests.swift; sourceTree = "<group>"; };
		B5E3B7AE28D31F7E002176DB /* Gretel SwiftUIUITests.xctest */ = {isa = PBXFileReference; explicitFileType = wrapper.cfbundle; includeInIndex = 0; path = "Gretel SwiftUIUITests.xctest"; sourceTree = BUILT_PRODUCTS_DIR; };
		B5E3B7B228D31F7E002176DB /* Gretel_SwiftUIUITests.swift */ = {isa = PBXFileReference; lastKnownFileType = sourcecode.swift; path = Gretel_SwiftUIUITests.swift; sourceTree = "<group>"; };
		B5E3B7B428D31F7E002176DB /* Gretel_SwiftUIUITestsLaunchTests.swift */ = {isa = PBXFileReference; lastKnownFileType = sourcecode.swift; path = Gretel_SwiftUIUITestsLaunchTests.swift; sourceTree = "<group>"; };
		B5FF62CE29000A750005E02E /* DashboardLabelView.swift */ = {isa = PBXFileReference; lastKnownFileType = sourcecode.swift; path = DashboardLabelView.swift; sourceTree = "<group>"; };
		B5FF62D229000AAC0005E02E /* RecordButtonView.swift */ = {isa = PBXFileReference; lastKnownFileType = sourcecode.swift; path = RecordButtonView.swift; sourceTree = "<group>"; };
		B5FF62D529000BAF0005E02E /* PreviewFactory.swift */ = {isa = PBXFileReference; lastKnownFileType = sourcecode.swift; path = PreviewFactory.swift; sourceTree = "<group>"; };
		B5FF62D929003E680005E02E /* TrackHelper.swift */ = {isa = PBXFileReference; lastKnownFileType = sourcecode.swift; path = TrackHelper.swift; sourceTree = "<group>"; };
		B5FF62DB290049850005E02E /* Track.swift */ = {isa = PBXFileReference; lastKnownFileType = sourcecode.swift; path = Track.swift; sourceTree = "<group>"; };
		B5FF62DD290056CA0005E02E /* LocationPublisher.swift */ = {isa = PBXFileReference; lastKnownFileType = sourcecode.swift; path = LocationPublisher.swift; sourceTree = "<group>"; };
		B5FF62DF2901A9A10005E02E /* HeadingPublisher.swift */ = {isa = PBXFileReference; lastKnownFileType = sourcecode.swift; path = HeadingPublisher.swift; sourceTree = "<group>"; };
		B5FF62E12901AACC0005E02E /* LocationRecorderService.swift */ = {isa = PBXFileReference; fileEncoding = 4; lastKnownFileType = sourcecode.swift; path = LocationRecorderService.swift; sourceTree = "<group>"; };
		B5FF62E32901ABC40005E02E /* Location.swift */ = {isa = PBXFileReference; lastKnownFileType = sourcecode.swift; path = Location.swift; sourceTree = "<group>"; };
/* End PBXFileReference section */

/* Begin PBXFrameworksBuildPhase section */
		B5E3B78C28D31F7D002176DB /* Frameworks */ = {
			isa = PBXFrameworksBuildPhase;
			buildActionMask = 2147483647;
			files = (
				B5345E9428D501D000A567B2 /* CorePermissionsSwiftUI in Frameworks */,
				B5345E9828D501D000A567B2 /* PermissionsSwiftUICamera in Frameworks */,
				B5345E9C28D501D000A567B2 /* PermissionsSwiftUILocationAlways in Frameworks */,
				B5345E9A28D501D000A567B2 /* PermissionsSwiftUILocation in Frameworks */,
				B5345E9E28D501D000A567B2 /* PermissionsSwiftUISiri in Frameworks */,
				B54D12B528FD6C4300E3A0A1 /* CoreGPX in Frameworks */,
				B5345E9628D501D000A567B2 /* PermissionsSwiftUI in Frameworks */,
			);
			runOnlyForDeploymentPostprocessing = 0;
		};
		B5E3B7A128D31F7E002176DB /* Frameworks */ = {
			isa = PBXFrameworksBuildPhase;
			buildActionMask = 2147483647;
			files = (
			);
			runOnlyForDeploymentPostprocessing = 0;
		};
		B5E3B7AB28D31F7E002176DB /* Frameworks */ = {
			isa = PBXFrameworksBuildPhase;
			buildActionMask = 2147483647;
			files = (
			);
			runOnlyForDeploymentPostprocessing = 0;
		};
/* End PBXFrameworksBuildPhase section */

/* Begin PBXGroup section */
		B5E3B78628D31F7D002176DB = {
			isa = PBXGroup;
			children = (
				B5E3B79128D31F7D002176DB /* Gretel SwiftUI */,
				B5E3B7A728D31F7E002176DB /* Gretel SwiftUITests */,
				B5E3B7B128D31F7E002176DB /* Gretel SwiftUIUITests */,
				B5E3B79028D31F7D002176DB /* Products */,
			);
			sourceTree = "<group>";
		};
		B5E3B79028D31F7D002176DB /* Products */ = {
			isa = PBXGroup;
			children = (
				B5E3B78F28D31F7D002176DB /* Gretel SwiftUI.app */,
				B5E3B7A428D31F7E002176DB /* Gretel SwiftUITests.xctest */,
				B5E3B7AE28D31F7E002176DB /* Gretel SwiftUIUITests.xctest */,
			);
			name = Products;
			sourceTree = "<group>";
		};
		B5E3B79128D31F7D002176DB /* Gretel SwiftUI */ = {
			isa = PBXGroup;
			children = (
				B5E3B79228D31F7D002176DB /* Gretel.swift */,
				B5E3B79428D31F7D002176DB /* ContentView.swift */,
				B5E3B79B28D31F7E002176DB /* Persistence.swift */,
				B5FF62CD29000A480005E02E /* Trip Dashboard */,
				B5FF62D429000ACC0005E02E /* Services */,
				B54D12B228F86D4E00E3A0A1 /* Gretel SwiftUI.entitlements */,
				B54D12B128F86D4200E3A0A1 /* Gretel-SwiftUI-Info.plist */,
				B5E3B79628D31F7E002176DB /* Assets.xcassets */,
				B5E3B79D28D31F7E002176DB /* Gretel_SwiftUI.xcdatamodeld */,
				B5E3B79828D31F7E002176DB /* Preview Content */,
				B5FF62D529000BAF0005E02E /* PreviewFactory.swift */,
				B5FF62DB290049850005E02E /* Track.swift */,
				B5FF62E32901ABC40005E02E /* Location.swift */,
			);
			path = "Gretel SwiftUI";
			sourceTree = "<group>";
		};
		B5E3B79828D31F7E002176DB /* Preview Content */ = {
			isa = PBXGroup;
			children = (
				B5E3B79928D31F7E002176DB /* Preview Assets.xcassets */,
			);
			path = "Preview Content";
			sourceTree = "<group>";
		};
		B5E3B7A728D31F7E002176DB /* Gretel SwiftUITests */ = {
			isa = PBXGroup;
			children = (
				B5E3B7A828D31F7E002176DB /* Gretel_SwiftUITests.swift */,
			);
			path = "Gretel SwiftUITests";
			sourceTree = "<group>";
		};
		B5E3B7B128D31F7E002176DB /* Gretel SwiftUIUITests */ = {
			isa = PBXGroup;
			children = (
				B5E3B7B228D31F7E002176DB /* Gretel_SwiftUIUITests.swift */,
				B5E3B7B428D31F7E002176DB /* Gretel_SwiftUIUITestsLaunchTests.swift */,
			);
			path = "Gretel SwiftUIUITests";
			sourceTree = "<group>";
		};
		B5FF62CD29000A480005E02E /* Trip Dashboard */ = {
			isa = PBXGroup;
			children = (
				B5345EA128F86A2B00A567B2 /* TripDashboardView.swift */,
				B5FF62CE29000A750005E02E /* DashboardLabelView.swift */,
				B5FF62D229000AAC0005E02E /* RecordButtonView.swift */,
			);
			path = "Trip Dashboard";
			sourceTree = "<group>";
		};
		B5FF62D429000ACC0005E02E /* Services */ = {
			isa = PBXGroup;
			children = (
				B5FF62E12901AACC0005E02E /* LocationRecorderService.swift */,
				B54D12B82900004600E3A0A1 /* SettingsService.swift */,
				B5FF62D929003E680005E02E /* TrackHelper.swift */,
				B5FF62DD290056CA0005E02E /* LocationPublisher.swift */,
				B5FF62DF2901A9A10005E02E /* HeadingPublisher.swift */,
			);
			path = Services;
			sourceTree = "<group>";
		};
/* End PBXGroup section */

/* Begin PBXNativeTarget section */
		B5E3B78E28D31F7D002176DB /* Gretel SwiftUI */ = {
			isa = PBXNativeTarget;
			buildConfigurationList = B5E3B7B828D31F7E002176DB /* Build configuration list for PBXNativeTarget "Gretel SwiftUI" */;
			buildPhases = (
				B5E3B78B28D31F7D002176DB /* Sources */,
				B5E3B78C28D31F7D002176DB /* Frameworks */,
				B5E3B78D28D31F7D002176DB /* Resources */,
			);
			buildRules = (
			);
			dependencies = (
			);
			name = "Gretel SwiftUI";
			packageProductDependencies = (
				B5345E9328D501D000A567B2 /* CorePermissionsSwiftUI */,
				B5345E9528D501D000A567B2 /* PermissionsSwiftUI */,
				B5345E9728D501D000A567B2 /* PermissionsSwiftUICamera */,
				B5345E9928D501D000A567B2 /* PermissionsSwiftUILocation */,
				B5345E9B28D501D000A567B2 /* PermissionsSwiftUILocationAlways */,
				B5345E9D28D501D000A567B2 /* PermissionsSwiftUISiri */,
				B54D12B428FD6C4300E3A0A1 /* CoreGPX */,
			);
			productName = "Gretel SwiftUI";
			productReference = B5E3B78F28D31F7D002176DB /* Gretel SwiftUI.app */;
			productType = "com.apple.product-type.application";
		};
		B5E3B7A328D31F7E002176DB /* Gretel SwiftUITests */ = {
			isa = PBXNativeTarget;
			buildConfigurationList = B5E3B7BB28D31F7E002176DB /* Build configuration list for PBXNativeTarget "Gretel SwiftUITests" */;
			buildPhases = (
				B5E3B7A028D31F7E002176DB /* Sources */,
				B5E3B7A128D31F7E002176DB /* Frameworks */,
				B5E3B7A228D31F7E002176DB /* Resources */,
			);
			buildRules = (
			);
			dependencies = (
				B5E3B7A628D31F7E002176DB /* PBXTargetDependency */,
			);
			name = "Gretel SwiftUITests";
			productName = "Gretel SwiftUITests";
			productReference = B5E3B7A428D31F7E002176DB /* Gretel SwiftUITests.xctest */;
			productType = "com.apple.product-type.bundle.unit-test";
		};
		B5E3B7AD28D31F7E002176DB /* Gretel SwiftUIUITests */ = {
			isa = PBXNativeTarget;
			buildConfigurationList = B5E3B7BE28D31F7E002176DB /* Build configuration list for PBXNativeTarget "Gretel SwiftUIUITests" */;
			buildPhases = (
				B5E3B7AA28D31F7E002176DB /* Sources */,
				B5E3B7AB28D31F7E002176DB /* Frameworks */,
				B5E3B7AC28D31F7E002176DB /* Resources */,
			);
			buildRules = (
			);
			dependencies = (
				B5E3B7B028D31F7E002176DB /* PBXTargetDependency */,
			);
			name = "Gretel SwiftUIUITests";
			productName = "Gretel SwiftUIUITests";
			productReference = B5E3B7AE28D31F7E002176DB /* Gretel SwiftUIUITests.xctest */;
			productType = "com.apple.product-type.bundle.ui-testing";
		};
/* End PBXNativeTarget section */

/* Begin PBXProject section */
		B5E3B78728D31F7D002176DB /* Project object */ = {
			isa = PBXProject;
			attributes = {
				BuildIndependentTargetsInParallel = 1;
				LastSwiftUpdateCheck = 1340;
				LastUpgradeCheck = 1340;
				TargetAttributes = {
					B5E3B78E28D31F7D002176DB = {
						CreatedOnToolsVersion = 13.4.1;
					};
					B5E3B7A328D31F7E002176DB = {
						CreatedOnToolsVersion = 13.4.1;
						TestTargetID = B5E3B78E28D31F7D002176DB;
					};
					B5E3B7AD28D31F7E002176DB = {
						CreatedOnToolsVersion = 13.4.1;
						TestTargetID = B5E3B78E28D31F7D002176DB;
					};
				};
			};
			buildConfigurationList = B5E3B78A28D31F7D002176DB /* Build configuration list for PBXProject "Gretel SwiftUI" */;
			compatibilityVersion = "Xcode 13.0";
			developmentRegion = en;
			hasScannedForEncodings = 0;
			knownRegions = (
				en,
				Base,
			);
			mainGroup = B5E3B78628D31F7D002176DB;
			packageReferences = (
				B5345E9228D501D000A567B2 /* XCRemoteSwiftPackageReference "PermissionsSwiftUI" */,
				B54D12B328FD6C4300E3A0A1 /* XCRemoteSwiftPackageReference "CoreGPX" */,
			);
			productRefGroup = B5E3B79028D31F7D002176DB /* Products */;
			projectDirPath = "";
			projectRoot = "";
			targets = (
				B5E3B78E28D31F7D002176DB /* Gretel SwiftUI */,
				B5E3B7A328D31F7E002176DB /* Gretel SwiftUITests */,
				B5E3B7AD28D31F7E002176DB /* Gretel SwiftUIUITests */,
			);
		};
/* End PBXProject section */

/* Begin PBXResourcesBuildPhase section */
		B5E3B78D28D31F7D002176DB /* Resources */ = {
			isa = PBXResourcesBuildPhase;
			buildActionMask = 2147483647;
			files = (
				B5E3B79A28D31F7E002176DB /* Preview Assets.xcassets in Resources */,
				B5E3B79728D31F7E002176DB /* Assets.xcassets in Resources */,
			);
			runOnlyForDeploymentPostprocessing = 0;
		};
		B5E3B7A228D31F7E002176DB /* Resources */ = {
			isa = PBXResourcesBuildPhase;
			buildActionMask = 2147483647;
			files = (
			);
			runOnlyForDeploymentPostprocessing = 0;
		};
		B5E3B7AC28D31F7E002176DB /* Resources */ = {
			isa = PBXResourcesBuildPhase;
			buildActionMask = 2147483647;
			files = (
			);
			runOnlyForDeploymentPostprocessing = 0;
		};
/* End PBXResourcesBuildPhase section */

/* Begin PBXSourcesBuildPhase section */
		B5E3B78B28D31F7D002176DB /* Sources */ = {
			isa = PBXSourcesBuildPhase;
			buildActionMask = 2147483647;
			files = (
				B5345EA228F86A2B00A567B2 /* TripDashboardView.swift in Sources */,
				B5E3B79F28D31F7E002176DB /* Gretel_SwiftUI.xcdatamodeld in Sources */,
				B5FF62E42901ABC40005E02E /* Location.swift in Sources */,
				B5E3B79C28D31F7E002176DB /* Persistence.swift in Sources */,
				B5FF62DA29003E680005E02E /* TrackHelper.swift in Sources */,
				B5FF62D629000BAF0005E02E /* PreviewFactory.swift in Sources */,
				B54D12B92900004600E3A0A1 /* SettingsService.swift in Sources */,
				B5FF62E22901AACC0005E02E /* LocationRecorderService.swift in Sources */,
				B5E3B79528D31F7D002176DB /* ContentView.swift in Sources */,
				B5FF62CF29000A750005E02E /* DashboardLabelView.swift in Sources */,
				B5FF62DC290049850005E02E /* Track.swift in Sources */,
				B5E3B79328D31F7D002176DB /* Gretel.swift in Sources */,
				B5FF62D329000AAC0005E02E /* RecordButtonView.swift in Sources */,
				B5FF62E02901A9A10005E02E /* HeadingPublisher.swift in Sources */,
				B5FF62DE290056CA0005E02E /* LocationPublisher.swift in Sources */,
			);
			runOnlyForDeploymentPostprocessing = 0;
		};
		B5E3B7A028D31F7E002176DB /* Sources */ = {
			isa = PBXSourcesBuildPhase;
			buildActionMask = 2147483647;
			files = (
				B5E3B7A928D31F7E002176DB /* Gretel_SwiftUITests.swift in Sources */,
			);
			runOnlyForDeploymentPostprocessing = 0;
		};
		B5E3B7AA28D31F7E002176DB /* Sources */ = {
			isa = PBXSourcesBuildPhase;
			buildActionMask = 2147483647;
			files = (
				B5E3B7B328D31F7E002176DB /* Gretel_SwiftUIUITests.swift in Sources */,
				B5E3B7B528D31F7E002176DB /* Gretel_SwiftUIUITestsLaunchTests.swift in Sources */,
			);
			runOnlyForDeploymentPostprocessing = 0;
		};
/* End PBXSourcesBuildPhase section */

/* Begin PBXTargetDependency section */
		B5E3B7A628D31F7E002176DB /* PBXTargetDependency */ = {
			isa = PBXTargetDependency;
			target = B5E3B78E28D31F7D002176DB /* Gretel SwiftUI */;
			targetProxy = B5E3B7A528D31F7E002176DB /* PBXContainerItemProxy */;
		};
		B5E3B7B028D31F7E002176DB /* PBXTargetDependency */ = {
			isa = PBXTargetDependency;
			target = B5E3B78E28D31F7D002176DB /* Gretel SwiftUI */;
			targetProxy = B5E3B7AF28D31F7E002176DB /* PBXContainerItemProxy */;
		};
/* End PBXTargetDependency section */

/* Begin XCBuildConfiguration section */
		B5E3B7B628D31F7E002176DB /* Debug */ = {
			isa = XCBuildConfiguration;
			buildSettings = {
				ALWAYS_SEARCH_USER_PATHS = NO;
				CLANG_ANALYZER_NONNULL = YES;
				CLANG_ANALYZER_NUMBER_OBJECT_CONVERSION = YES_AGGRESSIVE;
				CLANG_CXX_LANGUAGE_STANDARD = "gnu++17";
				CLANG_ENABLE_MODULES = YES;
				CLANG_ENABLE_OBJC_ARC = YES;
				CLANG_ENABLE_OBJC_WEAK = YES;
				CLANG_WARN_BLOCK_CAPTURE_AUTORELEASING = YES;
				CLANG_WARN_BOOL_CONVERSION = YES;
				CLANG_WARN_COMMA = YES;
				CLANG_WARN_CONSTANT_CONVERSION = YES;
				CLANG_WARN_DEPRECATED_OBJC_IMPLEMENTATIONS = YES;
				CLANG_WARN_DIRECT_OBJC_ISA_USAGE = YES_ERROR;
				CLANG_WARN_DOCUMENTATION_COMMENTS = YES;
				CLANG_WARN_EMPTY_BODY = YES;
				CLANG_WARN_ENUM_CONVERSION = YES;
				CLANG_WARN_INFINITE_RECURSION = YES;
				CLANG_WARN_INT_CONVERSION = YES;
				CLANG_WARN_NON_LITERAL_NULL_CONVERSION = YES;
				CLANG_WARN_OBJC_IMPLICIT_RETAIN_SELF = YES;
				CLANG_WARN_OBJC_LITERAL_CONVERSION = YES;
				CLANG_WARN_OBJC_ROOT_CLASS = YES_ERROR;
				CLANG_WARN_QUOTED_INCLUDE_IN_FRAMEWORK_HEADER = YES;
				CLANG_WARN_RANGE_LOOP_ANALYSIS = YES;
				CLANG_WARN_STRICT_PROTOTYPES = YES;
				CLANG_WARN_SUSPICIOUS_MOVE = YES;
				CLANG_WARN_UNGUARDED_AVAILABILITY = YES_AGGRESSIVE;
				CLANG_WARN_UNREACHABLE_CODE = YES;
				CLANG_WARN__DUPLICATE_METHOD_MATCH = YES;
				COPY_PHASE_STRIP = NO;
				DEBUG_INFORMATION_FORMAT = dwarf;
				ENABLE_STRICT_OBJC_MSGSEND = YES;
				ENABLE_TESTABILITY = YES;
				GCC_C_LANGUAGE_STANDARD = gnu11;
				GCC_DYNAMIC_NO_PIC = NO;
				GCC_NO_COMMON_BLOCKS = YES;
				GCC_OPTIMIZATION_LEVEL = 0;
				GCC_PREPROCESSOR_DEFINITIONS = (
					"DEBUG=1",
					"$(inherited)",
				);
				GCC_WARN_64_TO_32_BIT_CONVERSION = YES;
				GCC_WARN_ABOUT_RETURN_TYPE = YES_ERROR;
				GCC_WARN_UNDECLARED_SELECTOR = YES;
				GCC_WARN_UNINITIALIZED_AUTOS = YES_AGGRESSIVE;
				GCC_WARN_UNUSED_FUNCTION = YES;
				GCC_WARN_UNUSED_VARIABLE = YES;
				IPHONEOS_DEPLOYMENT_TARGET = 15.5;
				MTL_ENABLE_DEBUG_INFO = INCLUDE_SOURCE;
				MTL_FAST_MATH = YES;
				ONLY_ACTIVE_ARCH = YES;
				SDKROOT = iphoneos;
				SWIFT_ACTIVE_COMPILATION_CONDITIONS = DEBUG;
				SWIFT_OPTIMIZATION_LEVEL = "-Onone";
			};
			name = Debug;
		};
		B5E3B7B728D31F7E002176DB /* Release */ = {
			isa = XCBuildConfiguration;
			buildSettings = {
				ALWAYS_SEARCH_USER_PATHS = NO;
				CLANG_ANALYZER_NONNULL = YES;
				CLANG_ANALYZER_NUMBER_OBJECT_CONVERSION = YES_AGGRESSIVE;
				CLANG_CXX_LANGUAGE_STANDARD = "gnu++17";
				CLANG_ENABLE_MODULES = YES;
				CLANG_ENABLE_OBJC_ARC = YES;
				CLANG_ENABLE_OBJC_WEAK = YES;
				CLANG_WARN_BLOCK_CAPTURE_AUTORELEASING = YES;
				CLANG_WARN_BOOL_CONVERSION = YES;
				CLANG_WARN_COMMA = YES;
				CLANG_WARN_CONSTANT_CONVERSION = YES;
				CLANG_WARN_DEPRECATED_OBJC_IMPLEMENTATIONS = YES;
				CLANG_WARN_DIRECT_OBJC_ISA_USAGE = YES_ERROR;
				CLANG_WARN_DOCUMENTATION_COMMENTS = YES;
				CLANG_WARN_EMPTY_BODY = YES;
				CLANG_WARN_ENUM_CONVERSION = YES;
				CLANG_WARN_INFINITE_RECURSION = YES;
				CLANG_WARN_INT_CONVERSION = YES;
				CLANG_WARN_NON_LITERAL_NULL_CONVERSION = YES;
				CLANG_WARN_OBJC_IMPLICIT_RETAIN_SELF = YES;
				CLANG_WARN_OBJC_LITERAL_CONVERSION = YES;
				CLANG_WARN_OBJC_ROOT_CLASS = YES_ERROR;
				CLANG_WARN_QUOTED_INCLUDE_IN_FRAMEWORK_HEADER = YES;
				CLANG_WARN_RANGE_LOOP_ANALYSIS = YES;
				CLANG_WARN_STRICT_PROTOTYPES = YES;
				CLANG_WARN_SUSPICIOUS_MOVE = YES;
				CLANG_WARN_UNGUARDED_AVAILABILITY = YES_AGGRESSIVE;
				CLANG_WARN_UNREACHABLE_CODE = YES;
				CLANG_WARN__DUPLICATE_METHOD_MATCH = YES;
				COPY_PHASE_STRIP = NO;
				DEBUG_INFORMATION_FORMAT = "dwarf-with-dsym";
				ENABLE_NS_ASSERTIONS = NO;
				ENABLE_STRICT_OBJC_MSGSEND = YES;
				GCC_C_LANGUAGE_STANDARD = gnu11;
				GCC_NO_COMMON_BLOCKS = YES;
				GCC_WARN_64_TO_32_BIT_CONVERSION = YES;
				GCC_WARN_ABOUT_RETURN_TYPE = YES_ERROR;
				GCC_WARN_UNDECLARED_SELECTOR = YES;
				GCC_WARN_UNINITIALIZED_AUTOS = YES_AGGRESSIVE;
				GCC_WARN_UNUSED_FUNCTION = YES;
				GCC_WARN_UNUSED_VARIABLE = YES;
				IPHONEOS_DEPLOYMENT_TARGET = 15.5;
				MTL_ENABLE_DEBUG_INFO = NO;
				MTL_FAST_MATH = YES;
				SDKROOT = iphoneos;
				SWIFT_COMPILATION_MODE = wholemodule;
				SWIFT_OPTIMIZATION_LEVEL = "-O";
				VALIDATE_PRODUCT = YES;
			};
			name = Release;
		};
		B5E3B7B928D31F7E002176DB /* Debug */ = {
			isa = XCBuildConfiguration;
			buildSettings = {
				ASSETCATALOG_COMPILER_APPICON_NAME = AppIcon;
				ASSETCATALOG_COMPILER_GLOBAL_ACCENT_COLOR_NAME = AccentColor;
				CODE_SIGN_ENTITLEMENTS = "Gretel SwiftUI/Gretel SwiftUI.entitlements";
				CODE_SIGN_STYLE = Automatic;
				CURRENT_PROJECT_VERSION = 1;
				DEVELOPMENT_ASSET_PATHS = "\"Gretel SwiftUI/Preview Content\"";
				DEVELOPMENT_TEAM = ARU7K8KJKJ;
				ENABLE_PREVIEWS = YES;
				GENERATE_INFOPLIST_FILE = YES;
				INFOPLIST_FILE = "Gretel-SwiftUI-Info.plist";
				INFOPLIST_KEY_CFBundleDisplayName = Gretel;
				INFOPLIST_KEY_LSApplicationCategoryType = "public.app-category.navigation";
				INFOPLIST_KEY_NSLocationAlwaysAndWhenInUseUsageDescription = "Gimme your location";
				INFOPLIST_KEY_NSLocationAlwaysUsageDescription = "Gimme your location";
				INFOPLIST_KEY_NSLocationUsageDescription = "Gimme your location";
				INFOPLIST_KEY_NSLocationWhenInUseUsageDescription = "Gimme your location";
				INFOPLIST_KEY_UIApplicationSceneManifest_Generation = YES;
				INFOPLIST_KEY_UIApplicationSupportsIndirectInputEvents = YES;
				INFOPLIST_KEY_UILaunchScreen_Generation = YES;
				INFOPLIST_KEY_UISupportedInterfaceOrientations_iPad = "UIInterfaceOrientationPortrait UIInterfaceOrientationPortraitUpsideDown UIInterfaceOrientationLandscapeLeft UIInterfaceOrientationLandscapeRight";
				INFOPLIST_KEY_UISupportedInterfaceOrientations_iPhone = "UIInterfaceOrientationPortrait UIInterfaceOrientationLandscapeLeft UIInterfaceOrientationLandscapeRight";
				IPHONEOS_DEPLOYMENT_TARGET = 16.0;
				LD_RUNPATH_SEARCH_PATHS = (
					"$(inherited)",
					"@executable_path/Frameworks",
				);
				MARKETING_VERSION = 1.0;
				PRODUCT_BUNDLE_IDENTIFIER = space.sometinylittle.Gretel;
				PRODUCT_NAME = "$(TARGET_NAME)";
				SWIFT_EMIT_LOC_STRINGS = YES;
				SWIFT_VERSION = 5.0;
				TARGETED_DEVICE_FAMILY = "1,2";
			};
			name = Debug;
		};
		B5E3B7BA28D31F7E002176DB /* Release */ = {
			isa = XCBuildConfiguration;
			buildSettings = {
				ASSETCATALOG_COMPILER_APPICON_NAME = AppIcon;
				ASSETCATALOG_COMPILER_GLOBAL_ACCENT_COLOR_NAME = AccentColor;
				CODE_SIGN_ENTITLEMENTS = "Gretel SwiftUI/Gretel SwiftUI.entitlements";
				CODE_SIGN_STYLE = Automatic;
				CURRENT_PROJECT_VERSION = 1;
				DEVELOPMENT_ASSET_PATHS = "\"Gretel SwiftUI/Preview Content\"";
				DEVELOPMENT_TEAM = ARU7K8KJKJ;
				ENABLE_PREVIEWS = YES;
				GENERATE_INFOPLIST_FILE = YES;
				INFOPLIST_FILE = "Gretel-SwiftUI-Info.plist";
				INFOPLIST_KEY_CFBundleDisplayName = Gretel;
				INFOPLIST_KEY_LSApplicationCategoryType = "public.app-category.navigation";
				INFOPLIST_KEY_NSLocationAlwaysAndWhenInUseUsageDescription = "Gimme your location";
				INFOPLIST_KEY_NSLocationAlwaysUsageDescription = "Gimme your location";
				INFOPLIST_KEY_NSLocationUsageDescription = "Gimme your location";
				INFOPLIST_KEY_NSLocationWhenInUseUsageDescription = "Gimme your location";
				INFOPLIST_KEY_UIApplicationSceneManifest_Generation = YES;
				INFOPLIST_KEY_UIApplicationSupportsIndirectInputEvents = YES;
				INFOPLIST_KEY_UILaunchScreen_Generation = YES;
				INFOPLIST_KEY_UISupportedInterfaceOrientations_iPad = "UIInterfaceOrientationPortrait UIInterfaceOrientationPortraitUpsideDown UIInterfaceOrientationLandscapeLeft UIInterfaceOrientationLandscapeRight";
				INFOPLIST_KEY_UISupportedInterfaceOrientations_iPhone = "UIInterfaceOrientationPortrait UIInterfaceOrientationLandscapeLeft UIInterfaceOrientationLandscapeRight";
				IPHONEOS_DEPLOYMENT_TARGET = 16.0;
				LD_RUNPATH_SEARCH_PATHS = (
					"$(inherited)",
					"@executable_path/Frameworks",
				);
				MARKETING_VERSION = 1.0;
				PRODUCT_BUNDLE_IDENTIFIER = space.sometinylittle.Gretel;
				PRODUCT_NAME = "$(TARGET_NAME)";
				SWIFT_EMIT_LOC_STRINGS = YES;
				SWIFT_VERSION = 5.0;
				TARGETED_DEVICE_FAMILY = "1,2";
			};
			name = Release;
		};
		B5E3B7BC28D31F7E002176DB /* Debug */ = {
			isa = XCBuildConfiguration;
			buildSettings = {
				ALWAYS_EMBED_SWIFT_STANDARD_LIBRARIES = YES;
				BUNDLE_LOADER = "$(TEST_HOST)";
				CODE_SIGN_STYLE = Automatic;
				CURRENT_PROJECT_VERSION = 1;
				DEVELOPMENT_TEAM = ARU7K8KJKJ;
				GENERATE_INFOPLIST_FILE = YES;
				IPHONEOS_DEPLOYMENT_TARGET = 15.5;
				MARKETING_VERSION = 1.0;
				PRODUCT_BUNDLE_IDENTIFIER = "space.sometinylittle.Gretel.Gretel-SwiftUITests";
				PRODUCT_NAME = "$(TARGET_NAME)";
				SWIFT_EMIT_LOC_STRINGS = NO;
				SWIFT_VERSION = 5.0;
				TARGETED_DEVICE_FAMILY = "1,2";
				TEST_HOST = "$(BUILT_PRODUCTS_DIR)/Gretel SwiftUI.app/Gretel SwiftUI";
			};
			name = Debug;
		};
		B5E3B7BD28D31F7E002176DB /* Release */ = {
			isa = XCBuildConfiguration;
			buildSettings = {
				ALWAYS_EMBED_SWIFT_STANDARD_LIBRARIES = YES;
				BUNDLE_LOADER = "$(TEST_HOST)";
				CODE_SIGN_STYLE = Automatic;
				CURRENT_PROJECT_VERSION = 1;
				DEVELOPMENT_TEAM = ARU7K8KJKJ;
				GENERATE_INFOPLIST_FILE = YES;
				IPHONEOS_DEPLOYMENT_TARGET = 15.5;
				MARKETING_VERSION = 1.0;
				PRODUCT_BUNDLE_IDENTIFIER = "space.sometinylittle.Gretel.Gretel-SwiftUITests";
				PRODUCT_NAME = "$(TARGET_NAME)";
				SWIFT_EMIT_LOC_STRINGS = NO;
				SWIFT_VERSION = 5.0;
				TARGETED_DEVICE_FAMILY = "1,2";
				TEST_HOST = "$(BUILT_PRODUCTS_DIR)/Gretel SwiftUI.app/Gretel SwiftUI";
			};
			name = Release;
		};
		B5E3B7BF28D31F7E002176DB /* Debug */ = {
			isa = XCBuildConfiguration;
			buildSettings = {
				ALWAYS_EMBED_SWIFT_STANDARD_LIBRARIES = YES;
				CODE_SIGN_STYLE = Automatic;
				CURRENT_PROJECT_VERSION = 1;
				DEVELOPMENT_TEAM = ARU7K8KJKJ;
				GENERATE_INFOPLIST_FILE = YES;
				MARKETING_VERSION = 1.0;
				PRODUCT_BUNDLE_IDENTIFIER = "space.sometinylittle.Gretel.Gretel-SwiftUIUITests";
				PRODUCT_NAME = "$(TARGET_NAME)";
				SWIFT_EMIT_LOC_STRINGS = NO;
				SWIFT_VERSION = 5.0;
				TARGETED_DEVICE_FAMILY = "1,2";
				TEST_TARGET_NAME = "Gretel SwiftUI";
			};
			name = Debug;
		};
		B5E3B7C028D31F7E002176DB /* Release */ = {
			isa = XCBuildConfiguration;
			buildSettings = {
				ALWAYS_EMBED_SWIFT_STANDARD_LIBRARIES = YES;
				CODE_SIGN_STYLE = Automatic;
				CURRENT_PROJECT_VERSION = 1;
				DEVELOPMENT_TEAM = ARU7K8KJKJ;
				GENERATE_INFOPLIST_FILE = YES;
				MARKETING_VERSION = 1.0;
				PRODUCT_BUNDLE_IDENTIFIER = "space.sometinylittle.Gretel.Gretel-SwiftUIUITests";
				PRODUCT_NAME = "$(TARGET_NAME)";
				SWIFT_EMIT_LOC_STRINGS = NO;
				SWIFT_VERSION = 5.0;
				TARGETED_DEVICE_FAMILY = "1,2";
				TEST_TARGET_NAME = "Gretel SwiftUI";
			};
			name = Release;
		};
/* End XCBuildConfiguration section */

/* Begin XCConfigurationList section */
		B5E3B78A28D31F7D002176DB /* Build configuration list for PBXProject "Gretel SwiftUI" */ = {
			isa = XCConfigurationList;
			buildConfigurations = (
				B5E3B7B628D31F7E002176DB /* Debug */,
				B5E3B7B728D31F7E002176DB /* Release */,
			);
			defaultConfigurationIsVisible = 0;
			defaultConfigurationName = Release;
		};
		B5E3B7B828D31F7E002176DB /* Build configuration list for PBXNativeTarget "Gretel SwiftUI" */ = {
			isa = XCConfigurationList;
			buildConfigurations = (
				B5E3B7B928D31F7E002176DB /* Debug */,
				B5E3B7BA28D31F7E002176DB /* Release */,
			);
			defaultConfigurationIsVisible = 0;
			defaultConfigurationName = Release;
		};
		B5E3B7BB28D31F7E002176DB /* Build configuration list for PBXNativeTarget "Gretel SwiftUITests" */ = {
			isa = XCConfigurationList;
			buildConfigurations = (
				B5E3B7BC28D31F7E002176DB /* Debug */,
				B5E3B7BD28D31F7E002176DB /* Release */,
			);
			defaultConfigurationIsVisible = 0;
			defaultConfigurationName = Release;
		};
		B5E3B7BE28D31F7E002176DB /* Build configuration list for PBXNativeTarget "Gretel SwiftUIUITests" */ = {
			isa = XCConfigurationList;
			buildConfigurations = (
				B5E3B7BF28D31F7E002176DB /* Debug */,
				B5E3B7C028D31F7E002176DB /* Release */,
			);
			defaultConfigurationIsVisible = 0;
			defaultConfigurationName = Release;
		};
/* End XCConfigurationList section */

/* Begin XCRemoteSwiftPackageReference section */
		B5345E9228D501D000A567B2 /* XCRemoteSwiftPackageReference "PermissionsSwiftUI" */ = {
			isa = XCRemoteSwiftPackageReference;
			repositoryURL = "https://github.com/jevonmao/PermissionsSwiftUI";
			requirement = {
				kind = upToNextMajorVersion;
				minimumVersion = 1.0.0;
			};
		};
		B54D12B328FD6C4300E3A0A1 /* XCRemoteSwiftPackageReference "CoreGPX" */ = {
			isa = XCRemoteSwiftPackageReference;
			repositoryURL = "https://github.com/vincentneo/CoreGPX";
			requirement = {
				kind = upToNextMajorVersion;
				minimumVersion = 0.9.1;
			};
		};
/* End XCRemoteSwiftPackageReference section */

/* Begin XCSwiftPackageProductDependency section */
		B5345E9328D501D000A567B2 /* CorePermissionsSwiftUI */ = {
			isa = XCSwiftPackageProductDependency;
			package = B5345E9228D501D000A567B2 /* XCRemoteSwiftPackageReference "PermissionsSwiftUI" */;
			productName = CorePermissionsSwiftUI;
		};
		B5345E9528D501D000A567B2 /* PermissionsSwiftUI */ = {
			isa = XCSwiftPackageProductDependency;
			package = B5345E9228D501D000A567B2 /* XCRemoteSwiftPackageReference "PermissionsSwiftUI" */;
			productName = PermissionsSwiftUI;
		};
		B5345E9728D501D000A567B2 /* PermissionsSwiftUICamera */ = {
			isa = XCSwiftPackageProductDependency;
			package = B5345E9228D501D000A567B2 /* XCRemoteSwiftPackageReference "PermissionsSwiftUI" */;
			productName = PermissionsSwiftUICamera;
		};
		B5345E9928D501D000A567B2 /* PermissionsSwiftUILocation */ = {
			isa = XCSwiftPackageProductDependency;
			package = B5345E9228D501D000A567B2 /* XCRemoteSwiftPackageReference "PermissionsSwiftUI" */;
			productName = PermissionsSwiftUILocation;
		};
		B5345E9B28D501D000A567B2 /* PermissionsSwiftUILocationAlways */ = {
			isa = XCSwiftPackageProductDependency;
			package = B5345E9228D501D000A567B2 /* XCRemoteSwiftPackageReference "PermissionsSwiftUI" */;
			productName = PermissionsSwiftUILocationAlways;
		};
		B5345E9D28D501D000A567B2 /* PermissionsSwiftUISiri */ = {
			isa = XCSwiftPackageProductDependency;
			package = B5345E9228D501D000A567B2 /* XCRemoteSwiftPackageReference "PermissionsSwiftUI" */;
			productName = PermissionsSwiftUISiri;
		};
		B54D12B428FD6C4300E3A0A1 /* CoreGPX */ = {
			isa = XCSwiftPackageProductDependency;
			package = B54D12B328FD6C4300E3A0A1 /* XCRemoteSwiftPackageReference "CoreGPX" */;
			productName = CoreGPX;
		};
/* End XCSwiftPackageProductDependency section */

/* Begin XCVersionGroup section */
		B5E3B79D28D31F7E002176DB /* Gretel_SwiftUI.xcdatamodeld */ = {
			isa = XCVersionGroup;
			children = (
				B5E3B79E28D31F7E002176DB /* Gretel_SwiftUI.xcdatamodel */,
			);
			currentVersion = B5E3B79E28D31F7E002176DB /* Gretel_SwiftUI.xcdatamodel */;
			path = Gretel_SwiftUI.xcdatamodeld;
			sourceTree = "<group>";
			versionGroupType = wrapper.xcdatamodel;
		};
/* End XCVersionGroup section */
	};
	rootObject = B5E3B78728D31F7D002176DB /* Project object */;
}
